PODS:
  - CorePlot (1.3)
  - FMDB (2.0):
    - FMDB/standard
  - FMDB/common (2.0)
  - FMDB/standard (2.0):
    - FMDB/common
  - GRMustache (5.4.3):
    - JRSwizzle (~> 1.0)
  - iOS-KML-Framework (0.0.1)
  - JRSwizzle (1.0)
  - MapBox (1.0.3):
    - FMDB (= 2.0)
    - GRMustache (= 5.4.3)
    - SMCalloutView (= 1.1)
  - objective-zip (0.8.0)
  - Simple-KML (0.1.0):
    - objective-zip
    - TouchXML
  - SMCalloutView (1.1)
  - TouchXML (0.1)

DEPENDENCIES:
  - CorePlot (~> 1.3)
  - iOS-KML-Framework (~> 0.0.1)
  - MapBox
  - Simple-KML (~> 0.1.0)

SPEC CHECKSUMS:
  CorePlot: af8307dd1fc013b3d8d97f54db8de0de6d57af84
  FMDB: 30a7cbcdbd354f5ee1ba081a8773fd9130c43b48
  GRMustache: f97f90a320c36896b08ca2624003e4ab8da7cfb1
  iOS-KML-Framework: 5cbafb65226033a8659952b3ec4268e8c80943d1
  JRSwizzle: 6242ff38485d870fc2636899048ee1ab883ae587
  MapBox: 19f4cc247eeb2bb68a0110656d3a19ddecec320f
  objective-zip: 15b5b8574987d7cc75eb178fd1eb14c749793f55
  Simple-KML: 7d2d6beb33e3402043f6c5b9c2bb95c540fdcc81
  SMCalloutView: 1c7d62044508a8d405c25495c380b17c613f769e
  TouchXML: 0fb977f0bdd2ce2e5d0790c80751769459708810

COCOAPODS: 0.20.2
